
Microsoft Visual Studio Solution File, Format Version 12.00
# Visual Studio 15
VisualStudioVersion = 15.0.26430.12
MinimumVisualStudioVersion = 10.0.40219.1
Project("{FAE04EC0-301F-11D3-BF4B-00C04F79EFBC}") = "LinkedMobi.Android", "LinkedMobi\LinkedMobi.Android\LinkedMobi.Android.csproj", "{4A776388-03DA-41E8-B290-C8BB804C620E}"
EndProject
Project("{FAE04EC0-301F-11D3-BF4B-00C04F79EFBC}") = "LinkedMobi", "LinkedMobi\LinkedMobi\LinkedMobi.csproj", "{E8AB93CE-FD75-40C3-AE82-75E39A7799FF}"
EndProject
Project("{FAE04EC0-301F-11D3-BF4B-00C04F79EFBC}") = "LinkedMobi.UWP", "LinkedMobi\LinkedMobi.UWP\LinkedMobi.UWP.csproj", "{3FAD641B-955C-4EFA-9DBD-BDC8A5016DAE}"
EndProject
Project("{FAE04EC0-301F-11D3-BF4B-00C04F79EFBC}") = "LinkedMobi.iOS", "LinkedMobi\LinkedMobi.iOS\LinkedMobi.iOS.csproj", "{EBEDE4F0-E1B2-4222-AFC6-85F30D064353}"
EndProject
Global
	GlobalSection(SolutionConfigurationPlatforms) = preSolution
		Ad-Hoc|Any CPU = Ad-Hoc|Any CPU
		Ad-Hoc|ARM = Ad-Hoc|ARM
		Ad-Hoc|iPhone = Ad-Hoc|iPhone
		Ad-Hoc|iPhoneSimulator = Ad-Hoc|iPhoneSimulator
		Ad-Hoc|x64 = Ad-Hoc|x64
		Ad-Hoc|x86 = Ad-Hoc|x86
		AppStore|Any CPU = AppStore|Any CPU
		AppStore|ARM = AppStore|ARM
		AppStore|iPhone = AppStore|iPhone
		AppStore|iPhoneSimulator = AppStore|iPhoneSimulator
		AppStore|x64 = AppStore|x64
		AppStore|x86 = AppStore|x86
		Debug|Any CPU = Debug|Any CPU
		Debug|ARM = Debug|ARM
		Debug|iPhone = Debug|iPhone
		Debug|iPhoneSimulator = Debug|iPhoneSimulator
		Debug|x64 = Debug|x64
		Debug|x86 = Debug|x86
		Release|Any CPU = Release|Any CPU
		Release|ARM = Release|ARM
		Release|iPhone = Release|iPhone
		Release|iPhoneSimulator = Release|iPhoneSimulator
		Release|x64 = Release|x64
		Release|x86 = Release|x86
	EndGlobalSection
	GlobalSection(ProjectConfigurationPlatforms) = postSolution
		{4A776388-03DA-41E8-B290-C8BB804C620E}.Ad-Hoc|Any CPU.ActiveCfg = Release|Any CPU
		{4A776388-03DA-41E8-B290-C8BB804C620E}.Ad-Hoc|Any CPU.Build.0 = Release|Any CPU
		{4A776388-03DA-41E8-B290-C8BB804C620E}.Ad-Hoc|Any CPU.Deploy.0 = Release|Any CPU
		{4A776388-03DA-41E8-B290-C8BB804C620E}.Ad-Hoc|ARM.ActiveCfg = Release|Any CPU
		{4A776388-03DA-41E8-B290-C8BB804C620E}.Ad-Hoc|ARM.Build.0 = Release|Any CPU
		{4A776388-03DA-41E8-B290-C8BB804C620E}.Ad-Hoc|ARM.Deploy.0 = Release|Any CPU
		{4A776388-03DA-41E8-B290-C8BB804C620E}.Ad-Hoc|iPhone.ActiveCfg = Release|Any CPU
		{4A776388-03DA-41E8-B290-C8BB804C620E}.Ad-Hoc|iPhone.Build.0 = Release|Any CPU
		{4A776388-03DA-41E8-B290-C8BB804C620E}.Ad-Hoc|iPhone.Deploy.0 = Release|Any CPU
		{4A776388-03DA-41E8-B290-C8BB804C620E}.Ad-Hoc|iPhoneSimulator.ActiveCfg = Release|Any CPU
		{4A776388-03DA-41E8-B290-C8BB804C620E}.Ad-Hoc|iPhoneSimulator.Build.0 = Release|Any CPU
		{4A776388-03DA-41E8-B290-C8BB804C620E}.Ad-Hoc|iPhoneSimulator.Deploy.0 = Release|Any CPU
		{4A776388-03DA-41E8-B290-C8BB804C620E}.Ad-Hoc|x64.ActiveCfg = Release|Any CPU
		{4A776388-03DA-41E8-B290-C8BB804C620E}.Ad-Hoc|x64.Build.0 = Release|Any CPU
		{4A776388-03DA-41E8-B290-C8BB804C620E}.Ad-Hoc|x64.Deploy.0 = Release|Any CPU
		{4A776388-03DA-41E8-B290-C8BB804C620E}.Ad-Hoc|x86.ActiveCfg = Release|Any CPU
		{4A776388-03DA-41E8-B290-C8BB804C620E}.Ad-Hoc|x86.Build.0 = Release|Any CPU
		{4A776388-03DA-41E8-B290-C8BB804C620E}.Ad-Hoc|x86.Deploy.0 = Release|Any CPU
		{4A776388-03DA-41E8-B290-C8BB804C620E}.AppStore|Any CPU.ActiveCfg = Release|Any CPU
		{4A776388-03DA-41E8-B290-C8BB804C620E}.AppStore|Any CPU.Build.0 = Release|Any CPU
		{4A776388-03DA-41E8-B290-C8BB804C620E}.AppStore|Any CPU.Deploy.0 = Release|Any CPU
		{4A776388-03DA-41E8-B290-C8BB804C620E}.AppStore|ARM.ActiveCfg = Release|Any CPU
		{4A776388-03DA-41E8-B290-C8BB804C620E}.AppStore|ARM.Build.0 = Release|Any CPU
		{4A776388-03DA-41E8-B290-C8BB804C620E}.AppStore|ARM.Deploy.0 = Release|Any CPU
		{4A776388-03DA-41E8-B290-C8BB804C620E}.AppStore|iPhone.ActiveCfg = Release|Any CPU
		{4A776388-03DA-41E8-B290-C8BB804C620E}.AppStore|iPhone.Build.0 = Release|Any CPU
		{4A776388-03DA-41E8-B290-C8BB804C620E}.AppStore|iPhone.Deploy.0 = Release|Any CPU
		{4A776388-03DA-41E8-B290-C8BB804C620E}.AppStore|iPhoneSimulator.ActiveCfg = Release|Any CPU
		{4A776388-03DA-41E8-B290-C8BB804C620E}.AppStore|iPhoneSimulator.Build.0 = Release|Any CPU
		{4A776388-03DA-41E8-B290-C8BB804C620E}.AppStore|iPhoneSimulator.Deploy.0 = Release|Any CPU
		{4A776388-03DA-41E8-B290-C8BB804C620E}.AppStore|x64.ActiveCfg = Release|Any CPU
		{4A776388-03DA-41E8-B290-C8BB804C620E}.AppStore|x64.Build.0 = Release|Any CPU
		{4A776388-03DA-41E8-B290-C8BB804C620E}.AppStore|x64.Deploy.0 = Release|Any CPU
		{4A776388-03DA-41E8-B290-C8BB804C620E}.AppStore|x86.ActiveCfg = Release|Any CPU
		{4A776388-03DA-41E8-B290-C8BB804C620E}.AppStore|x86.Build.0 = Release|Any CPU
		{4A776388-03DA-41E8-B290-C8BB804C620E}.AppStore|x86.Deploy.0 = Release|Any CPU
		{4A776388-03DA-41E8-B290-C8BB804C620E}.Debug|Any CPU.ActiveCfg = Debug|Any CPU
		{4A776388-03DA-41E8-B290-C8BB804C620E}.Debug|Any CPU.Build.0 = Debug|Any CPU
		{4A776388-03DA-41E8-B290-C8BB804C620E}.Debug|Any CPU.Deploy.0 = Debug|Any CPU
		{4A776388-03DA-41E8-B290-C8BB804C620E}.Debug|ARM.ActiveCfg = Debug|Any CPU
		{4A776388-03DA-41E8-B290-C8BB804C620E}.Debug|ARM.Build.0 = Debug|Any CPU
		{4A776388-03DA-41E8-B290-C8BB804C620E}.Debug|ARM.Deploy.0 = Debug|Any CPU
		{4A776388-03DA-41E8-B290-C8BB804C620E}.Debug|iPhone.ActiveCfg = Debug|Any CPU
		{4A776388-03DA-41E8-B290-C8BB804C620E}.Debug|iPhone.Build.0 = Debug|Any CPU
		{4A776388-03DA-41E8-B290-C8BB804C620E}.Debug|iPhone.Deploy.0 = Debug|Any CPU
		{4A776388-03DA-41E8-B290-C8BB804C620E}.Debug|iPhoneSimulator.ActiveCfg = Debug|Any CPU
		{4A776388-03DA-41E8-B290-C8BB804C620E}.Debug|iPhoneSimulator.Build.0 = Debug|Any CPU
		{4A776388-03DA-41E8-B290-C8BB804C620E}.Debug|iPhoneSimulator.Deploy.0 = Debug|Any CPU
		{4A776388-03DA-41E8-B290-C8BB804C620E}.Debug|x64.ActiveCfg = Debug|Any CPU
		{4A776388-03DA-41E8-B290-C8BB804C620E}.Debug|x64.Build.0 = Debug|Any CPU
		{4A776388-03DA-41E8-B290-C8BB804C620E}.Debug|x64.Deploy.0 = Debug|Any CPU
		{4A776388-03DA-41E8-B290-C8BB804C620E}.Debug|x86.ActiveCfg = Debug|Any CPU
		{4A776388-03DA-41E8-B290-C8BB804C620E}.Debug|x86.Build.0 = Debug|Any CPU
		{4A776388-03DA-41E8-B290-C8BB804C620E}.Debug|x86.Deploy.0 = Debug|Any CPU
		{4A776388-03DA-41E8-B290-C8BB804C620E}.Release|Any CPU.ActiveCfg = Release|Any CPU
		{4A776388-03DA-41E8-B290-C8BB804C620E}.Release|Any CPU.Build.0 = Release|Any CPU
		{4A776388-03DA-41E8-B290-C8BB804C620E}.Release|Any CPU.Deploy.0 = Release|Any CPU
		{4A776388-03DA-41E8-B290-C8BB804C620E}.Release|ARM.ActiveCfg = Release|Any CPU
		{4A776388-03DA-41E8-B290-C8BB804C620E}.Release|ARM.Build.0 = Release|Any CPU
		{4A776388-03DA-41E8-B290-C8BB804C620E}.Release|ARM.Deploy.0 = Release|Any CPU
		{4A776388-03DA-41E8-B290-C8BB804C620E}.Release|iPhone.ActiveCfg = Release|Any CPU
		{4A776388-03DA-41E8-B290-C8BB804C620E}.Release|iPhone.Build.0 = Release|Any CPU
		{4A776388-03DA-41E8-B290-C8BB804C620E}.Release|iPhone.Deploy.0 = Release|Any CPU
		{4A776388-03DA-41E8-B290-C8BB804C620E}.Release|iPhoneSimulator.ActiveCfg = Release|Any CPU
		{4A776388-03DA-41E8-B290-C8BB804C620E}.Release|iPhoneSimulator.Build.0 = Release|Any CPU
		{4A776388-03DA-41E8-B290-C8BB804C620E}.Release|iPhoneSimulator.Deploy.0 = Release|Any CPU
		{4A776388-03DA-41E8-B290-C8BB804C620E}.Release|x64.ActiveCfg = Release|Any CPU
		{4A776388-03DA-41E8-B290-C8BB804C620E}.Release|x64.Build.0 = Release|Any CPU
		{4A776388-03DA-41E8-B290-C8BB804C620E}.Release|x64.Deploy.0 = Release|Any CPU
		{4A776388-03DA-41E8-B290-C8BB804C620E}.Release|x86.ActiveCfg = Release|Any CPU
		{4A776388-03DA-41E8-B290-C8BB804C620E}.Release|x86.Build.0 = Release|Any CPU
		{4A776388-03DA-41E8-B290-C8BB804C620E}.Release|x86.Deploy.0 = Release|Any CPU
		{E8AB93CE-FD75-40C3-AE82-75E39A7799FF}.Ad-Hoc|Any CPU.ActiveCfg = Release|Any CPU
		{E8AB93CE-FD75-40C3-AE82-75E39A7799FF}.Ad-Hoc|Any CPU.Build.0 = Release|Any CPU
		{E8AB93CE-FD75-40C3-AE82-75E39A7799FF}.Ad-Hoc|ARM.ActiveCfg = Release|Any CPU
		{E8AB93CE-FD75-40C3-AE82-75E39A7799FF}.Ad-Hoc|ARM.Build.0 = Release|Any CPU
		{E8AB93CE-FD75-40C3-AE82-75E39A7799FF}.Ad-Hoc|iPhone.ActiveCfg = Release|Any CPU
		{E8AB93CE-FD75-40C3-AE82-75E39A7799FF}.Ad-Hoc|iPhone.Build.0 = Release|Any CPU
		{E8AB93CE-FD75-40C3-AE82-75E39A7799FF}.Ad-Hoc|iPhoneSimulator.ActiveCfg = Release|Any CPU
		{E8AB93CE-FD75-40C3-AE82-75E39A7799FF}.Ad-Hoc|iPhoneSimulator.Build.0 = Release|Any CPU
		{E8AB93CE-FD75-40C3-AE82-75E39A7799FF}.Ad-Hoc|x64.ActiveCfg = Release|Any CPU
		{E8AB93CE-FD75-40C3-AE82-75E39A7799FF}.Ad-Hoc|x64.Build.0 = Release|Any CPU
		{E8AB93CE-FD75-40C3-AE82-75E39A7799FF}.Ad-Hoc|x86.ActiveCfg = Release|Any CPU
		{E8AB93CE-FD75-40C3-AE82-75E39A7799FF}.Ad-Hoc|x86.Build.0 = Release|Any CPU
		{E8AB93CE-FD75-40C3-AE82-75E39A7799FF}.AppStore|Any CPU.ActiveCfg = Release|Any CPU
		{E8AB93CE-FD75-40C3-AE82-75E39A7799FF}.AppStore|Any CPU.Build.0 = Release|Any CPU
		{E8AB93CE-FD75-40C3-AE82-75E39A7799FF}.AppStore|ARM.ActiveCfg = Release|Any CPU
		{E8AB93CE-FD75-40C3-AE82-75E39A7799FF}.AppStore|ARM.Build.0 = Release|Any CPU
		{E8AB93CE-FD75-40C3-AE82-75E39A7799FF}.AppStore|iPhone.ActiveCfg = Release|Any CPU
		{E8AB93CE-FD75-40C3-AE82-75E39A7799FF}.AppStore|iPhone.Build.0 = Release|Any CPU
		{E8AB93CE-FD75-40C3-AE82-75E39A7799FF}.AppStore|iPhoneSimulator.ActiveCfg = Release|Any CPU
		{E8AB93CE-FD75-40C3-AE82-75E39A7799FF}.AppStore|iPhoneSimulator.Build.0 = Release|Any CPU
		{E8AB93CE-FD75-40C3-AE82-75E39A7799FF}.AppStore|x64.ActiveCfg = Release|Any CPU
		{E8AB93CE-FD75-40C3-AE82-75E39A7799FF}.AppStore|x64.Build.0 = Release|Any CPU
		{E8AB93CE-FD75-40C3-AE82-75E39A7799FF}.AppStore|x86.ActiveCfg = Release|Any CPU
		{E8AB93CE-FD75-40C3-AE82-75E39A7799FF}.AppStore|x86.Build.0 = Release|Any CPU
		{E8AB93CE-FD75-40C3-AE82-75E39A7799FF}.Debug|Any CPU.ActiveCfg = Debug|Any CPU
		{E8AB93CE-FD75-40C3-AE82-75E39A7799FF}.Debug|Any CPU.Build.0 = Debug|Any CPU
		{E8AB93CE-FD75-40C3-AE82-75E39A7799FF}.Debug|ARM.ActiveCfg = Debug|Any CPU
		{E8AB93CE-FD75-40C3-AE82-75E39A7799FF}.Debug|ARM.Build.0 = Debug|Any CPU
		{E8AB93CE-FD75-40C3-AE82-75E39A7799FF}.Debug|iPhone.ActiveCfg = Debug|Any CPU
		{E8AB93CE-FD75-40C3-AE82-75E39A7799FF}.Debug|iPhone.Build.0 = Debug|Any CPU
		{E8AB93CE-FD75-40C3-AE82-75E39A7799FF}.Debug|iPhoneSimulator.ActiveCfg = Debug|Any CPU
		{E8AB93CE-FD75-40C3-AE82-75E39A7799FF}.Debug|iPhoneSimulator.Build.0 = Debug|Any CPU
		{E8AB93CE-FD75-40C3-AE82-75E39A7799FF}.Debug|x64.ActiveCfg = Debug|Any CPU
		{E8AB93CE-FD75-40C3-AE82-75E39A7799FF}.Debug|x64.Build.0 = Debug|Any CPU
		{E8AB93CE-FD75-40C3-AE82-75E39A7799FF}.Debug|x86.ActiveCfg = Debug|Any CPU
		{E8AB93CE-FD75-40C3-AE82-75E39A7799FF}.Debug|x86.Build.0 = Debug|Any CPU
		{E8AB93CE-FD75-40C3-AE82-75E39A7799FF}.Release|Any CPU.ActiveCfg = Release|Any CPU
		{E8AB93CE-FD75-40C3-AE82-75E39A7799FF}.Release|Any CPU.Build.0 = Release|Any CPU
		{E8AB93CE-FD75-40C3-AE82-75E39A7799FF}.Release|ARM.ActiveCfg = Release|Any CPU
		{E8AB93CE-FD75-40C3-AE82-75E39A7799FF}.Release|ARM.Build.0 = Release|Any CPU
		{E8AB93CE-FD75-40C3-AE82-75E39A7799FF}.Release|iPhone.ActiveCfg = Release|Any CPU
		{E8AB93CE-FD75-40C3-AE82-75E39A7799FF}.Release|iPhone.Build.0 = Release|Any CPU
		{E8AB93CE-FD75-40C3-AE82-75E39A7799FF}.Release|iPhoneSimulator.ActiveCfg = Release|Any CPU
		{E8AB93CE-FD75-40C3-AE82-75E39A7799FF}.Release|iPhoneSimulator.Build.0 = Release|Any CPU
		{E8AB93CE-FD75-40C3-AE82-75E39A7799FF}.Release|x64.ActiveCfg = Release|Any CPU
		{E8AB93CE-FD75-40C3-AE82-75E39A7799FF}.Release|x64.Build.0 = Release|Any CPU
		{E8AB93CE-FD75-40C3-AE82-75E39A7799FF}.Release|x86.ActiveCfg = Release|Any CPU
		{E8AB93CE-FD75-40C3-AE82-75E39A7799FF}.Release|x86.Build.0 = Release|Any CPU
		{3FAD641B-955C-4EFA-9DBD-BDC8A5016DAE}.Ad-Hoc|Any CPU.ActiveCfg = Release|x86
		{3FAD641B-955C-4EFA-9DBD-BDC8A5016DAE}.Ad-Hoc|Any CPU.Build.0 = Release|x86
		{3FAD641B-955C-4EFA-9DBD-BDC8A5016DAE}.Ad-Hoc|Any CPU.Deploy.0 = Release|x86
		{3FAD641B-955C-4EFA-9DBD-BDC8A5016DAE}.Ad-Hoc|ARM.ActiveCfg = Release|ARM
		{3FAD641B-955C-4EFA-9DBD-BDC8A5016DAE}.Ad-Hoc|ARM.Build.0 = Release|ARM
		{3FAD641B-955C-4EFA-9DBD-BDC8A5016DAE}.Ad-Hoc|ARM.Deploy.0 = Release|ARM
		{3FAD641B-955C-4EFA-9DBD-BDC8A5016DAE}.Ad-Hoc|iPhone.ActiveCfg = Release|x86
		{3FAD641B-955C-4EFA-9DBD-BDC8A5016DAE}.Ad-Hoc|iPhone.Build.0 = Release|x86
		{3FAD641B-955C-4EFA-9DBD-BDC8A5016DAE}.Ad-Hoc|iPhone.Deploy.0 = Release|x86
		{3FAD641B-955C-4EFA-9DBD-BDC8A5016DAE}.Ad-Hoc|iPhoneSimulator.ActiveCfg = Release|x86
		{3FAD641B-955C-4EFA-9DBD-BDC8A5016DAE}.Ad-Hoc|iPhoneSimulator.Build.0 = Release|x86
		{3FAD641B-955C-4EFA-9DBD-BDC8A5016DAE}.Ad-Hoc|iPhoneSimulator.Deploy.0 = Release|x86
		{3FAD641B-955C-4EFA-9DBD-BDC8A5016DAE}.Ad-Hoc|x64.ActiveCfg = Release|x64
		{3FAD641B-955C-4EFA-9DBD-BDC8A5016DAE}.Ad-Hoc|x64.Build.0 = Release|x64
		{3FAD641B-955C-4EFA-9DBD-BDC8A5016DAE}.Ad-Hoc|x64.Deploy.0 = Release|x64
		{3FAD641B-955C-4EFA-9DBD-BDC8A5016DAE}.Ad-Hoc|x86.ActiveCfg = Release|x86
		{3FAD641B-955C-4EFA-9DBD-BDC8A5016DAE}.Ad-Hoc|x86.Build.0 = Release|x86
		{3FAD641B-955C-4EFA-9DBD-BDC8A5016DAE}.Ad-Hoc|x86.Deploy.0 = Release|x86
		{3FAD641B-955C-4EFA-9DBD-BDC8A5016DAE}.AppStore|Any CPU.ActiveCfg = Release|x86
		{3FAD641B-955C-4EFA-9DBD-BDC8A5016DAE}.AppStore|Any CPU.Build.0 = Release|x86
		{3FAD641B-955C-4EFA-9DBD-BDC8A5016DAE}.AppStore|Any CPU.Deploy.0 = Release|x86
		{3FAD641B-955C-4EFA-9DBD-BDC8A5016DAE}.AppStore|ARM.ActiveCfg = Release|ARM
		{3FAD641B-955C-4EFA-9DBD-BDC8A5016DAE}.AppStore|ARM.Build.0 = Release|ARM
		{3FAD641B-955C-4EFA-9DBD-BDC8A5016DAE}.AppStore|ARM.Deploy.0 = Release|ARM
		{3FAD641B-955C-4EFA-9DBD-BDC8A5016DAE}.AppStore|iPhone.ActiveCfg = Release|x86
		{3FAD641B-955C-4EFA-9DBD-BDC8A5016DAE}.AppStore|iPhone.Build.0 = Release|x86
		{3FAD641B-955C-4EFA-9DBD-BDC8A5016DAE}.AppStore|iPhone.Deploy.0 = Release|x86
		{3FAD641B-955C-4EFA-9DBD-BDC8A5016DAE}.AppStore|iPhoneSimulator.ActiveCfg = Release|x86
		{3FAD641B-955C-4EFA-9DBD-BDC8A5016DAE}.AppStore|iPhoneSimulator.Build.0 = Release|x86
		{3FAD641B-955C-4EFA-9DBD-BDC8A5016DAE}.AppStore|iPhoneSimulator.Deploy.0 = Release|x86
		{3FAD641B-955C-4EFA-9DBD-BDC8A5016DAE}.AppStore|x64.ActiveCfg = Release|x64
		{3FAD641B-955C-4EFA-9DBD-BDC8A5016DAE}.AppStore|x64.Build.0 = Release|x64
		{3FAD641B-955C-4EFA-9DBD-BDC8A5016DAE}.AppStore|x64.Deploy.0 = Release|x64
		{3FAD641B-955C-4EFA-9DBD-BDC8A5016DAE}.AppStore|x86.ActiveCfg = Release|x86
		{3FAD641B-955C-4EFA-9DBD-BDC8A5016DAE}.AppStore|x86.Build.0 = Release|x86
		{3FAD641B-955C-4EFA-9DBD-BDC8A5016DAE}.AppStore|x86.Deploy.0 = Release|x86
		{3FAD641B-955C-4EFA-9DBD-BDC8A5016DAE}.Debug|Any CPU.ActiveCfg = Debug|x86
		{3FAD641B-955C-4EFA-9DBD-BDC8A5016DAE}.Debug|ARM.ActiveCfg = Debug|ARM
		{3FAD641B-955C-4EFA-9DBD-BDC8A5016DAE}.Debug|ARM.Build.0 = Debug|ARM
		{3FAD641B-955C-4EFA-9DBD-BDC8A5016DAE}.Debug|ARM.Deploy.0 = Debug|ARM
		{3FAD641B-955C-4EFA-9DBD-BDC8A5016DAE}.Debug|iPhone.ActiveCfg = Debug|x86
		{3FAD641B-955C-4EFA-9DBD-BDC8A5016DAE}.Debug|iPhoneSimulator.ActiveCfg = Debug|x86
		{3FAD641B-955C-4EFA-9DBD-BDC8A5016DAE}.Debug|x64.ActiveCfg = Debug|x64
		{3FAD641B-955C-4EFA-9DBD-BDC8A5016DAE}.Debug|x64.Build.0 = Debug|x64
		{3FAD641B-955C-4EFA-9DBD-BDC8A5016DAE}.Debug|x64.Deploy.0 = Debug|x64
		{3FAD641B-955C-4EFA-9DBD-BDC8A5016DAE}.Debug|x86.ActiveCfg = Debug|x86
		{3FAD641B-955C-4EFA-9DBD-BDC8A5016DAE}.Debug|x86.Build.0 = Debug|x86
		{3FAD641B-955C-4EFA-9DBD-BDC8A5016DAE}.Debug|x86.Deploy.0 = Debug|x86
		{3FAD641B-955C-4EFA-9DBD-BDC8A5016DAE}.Release|Any CPU.ActiveCfg = Release|x86
		{3FAD641B-955C-4EFA-9DBD-BDC8A5016DAE}.Release|ARM.ActiveCfg = Release|ARM
		{3FAD641B-955C-4EFA-9DBD-BDC8A5016DAE}.Release|ARM.Build.0 = Release|ARM
		{3FAD641B-955C-4EFA-9DBD-BDC8A5016DAE}.Release|ARM.Deploy.0 = Release|ARM
		{3FAD641B-955C-4EFA-9DBD-BDC8A5016DAE}.Release|iPhone.ActiveCfg = Release|x86
		{3FAD641B-955C-4EFA-9DBD-BDC8A5016DAE}.Release|iPhoneSimulator.ActiveCfg = Release|x86
		{3FAD641B-955C-4EFA-9DBD-BDC8A5016DAE}.Release|x64.ActiveCfg = Release|x64
		{3FAD641B-955C-4EFA-9DBD-BDC8A5016DAE}.Release|x64.Build.0 = Release|x64
		{3FAD641B-955C-4EFA-9DBD-BDC8A5016DAE}.Release|x64.Deploy.0 = Release|x64
		{3FAD641B-955C-4EFA-9DBD-BDC8A5016DAE}.Release|x86.ActiveCfg = Release|x86
		{3FAD641B-955C-4EFA-9DBD-BDC8A5016DAE}.Release|x86.Build.0 = Release|x86
		{3FAD641B-955C-4EFA-9DBD-BDC8A5016DAE}.Release|x86.Deploy.0 = Release|x86
		{EBEDE4F0-E1B2-4222-AFC6-85F30D064353}.Ad-Hoc|Any CPU.ActiveCfg = Ad-Hoc|iPhone
		{EBEDE4F0-E1B2-4222-AFC6-85F30D064353}.Ad-Hoc|ARM.ActiveCfg = Ad-Hoc|iPhone
		{EBEDE4F0-E1B2-4222-AFC6-85F30D064353}.Ad-Hoc|iPhone.ActiveCfg = Ad-Hoc|iPhone
		{EBEDE4F0-E1B2-4222-AFC6-85F30D064353}.Ad-Hoc|iPhone.Build.0 = Ad-Hoc|iPhone
		{EBEDE4F0-E1B2-4222-AFC6-85F30D064353}.Ad-Hoc|iPhoneSimulator.ActiveCfg = Ad-Hoc|iPhoneSimulator
		{EBEDE4F0-E1B2-4222-AFC6-85F30D064353}.Ad-Hoc|iPhoneSimulator.Build.0 = Ad-Hoc|iPhoneSimulator
		{EBEDE4F0-E1B2-4222-AFC6-85F30D064353}.Ad-Hoc|x64.ActiveCfg = Ad-Hoc|iPhone
		{EBEDE4F0-E1B2-4222-AFC6-85F30D064353}.Ad-Hoc|x86.ActiveCfg = Ad-Hoc|iPhone
		{EBEDE4F0-E1B2-4222-AFC6-85F30D064353}.AppStore|Any CPU.ActiveCfg = AppStore|iPhone
		{EBEDE4F0-E1B2-4222-AFC6-85F30D064353}.AppStore|ARM.ActiveCfg = AppStore|iPhone
		{EBEDE4F0-E1B2-4222-AFC6-85F30D064353}.AppStore|iPhone.ActiveCfg = AppStore|iPhone
		{EBEDE4F0-E1B2-4222-AFC6-85F30D064353}.AppStore|iPhone.Build.0 = AppStore|iPhone
		{EBEDE4F0-E1B2-4222-AFC6-85F30D064353}.AppStore|iPhoneSimulator.ActiveCfg = AppStore|iPhoneSimulator
		{EBEDE4F0-E1B2-4222-AFC6-85F30D064353}.AppStore|iPhoneSimulator.Build.0 = AppStore|iPhoneSimulator
		{EBEDE4F0-E1B2-4222-AFC6-85F30D064353}.AppStore|x64.ActiveCfg = AppStore|iPhone
		{EBEDE4F0-E1B2-4222-AFC6-85F30D064353}.AppStore|x86.ActiveCfg = AppStore|iPhone
		{EBEDE4F0-E1B2-4222-AFC6-85F30D064353}.Debug|Any CPU.ActiveCfg = Debug|iPhone
		{EBEDE4F0-E1B2-4222-AFC6-85F30D064353}.Debug|ARM.ActiveCfg = Debug|iPhone
		{EBEDE4F0-E1B2-4222-AFC6-85F30D064353}.Debug|iPhone.ActiveCfg = Debug|iPhone
		{EBEDE4F0-E1B2-4222-AFC6-85F30D064353}.Debug|iPhone.Build.0 = Debug|iPhone
		{EBEDE4F0-E1B2-4222-AFC6-85F30D064353}.Debug|iPhoneSimulator.ActiveCfg = Debug|iPhoneSimulator
		{EBEDE4F0-E1B2-4222-AFC6-85F30D064353}.Debug|iPhoneSimulator.Build.0 = Debug|iPhoneSimulator
		{EBEDE4F0-E1B2-4222-AFC6-85F30D064353}.Debug|x64.ActiveCfg = Debug|iPhone
		{EBEDE4F0-E1B2-4222-AFC6-85F30D064353}.Debug|x86.ActiveCfg = Debug|iPhone
		{EBEDE4F0-E1B2-4222-AFC6-85F30D064353}.Release|Any CPU.ActiveCfg = Release|iPhone
		{EBEDE4F0-E1B2-4222-AFC6-85F30D064353}.Release|ARM.ActiveCfg = Release|iPhone
		{EBEDE4F0-E1B2-4222-AFC6-85F30D064353}.Release|iPhone.ActiveCfg = Release|iPhone
		{EBEDE4F0-E1B2-4222-AFC6-85F30D064353}.Release|iPhone.Build.0 = Release|iPhone
		{EBEDE4F0-E1B2-4222-AFC6-85F30D064353}.Release|iPhoneSimulator.ActiveCfg = Release|iPhoneSimulator
		{EBEDE4F0-E1B2-4222-AFC6-85F30D064353}.Release|iPhoneSimulator.Build.0 = Release|iPhoneSimulator
		{EBEDE4F0-E1B2-4222-AFC6-85F30D064353}.Release|x64.ActiveCfg = Release|iPhone
		{EBEDE4F0-E1B2-4222-AFC6-85F30D064353}.Release|x86.ActiveCfg = Release|iPhone
	EndGlobalSection
	GlobalSection(SolutionProperties) = preSolution
		HideSolutionNode = FALSE
	EndGlobalSection
EndGlobal
